// !$*UTF8*$!
{
	archiveVersion = 1;
	classes = {
	};
	objectVersion = 56;
	objects = {

/* Begin PBXBuildFile section */
		243E58522A969A95000AD128 /* TaskCell.swift in Sources */ = {isa = PBXBuildFile; fileRef = 243E58512A969A95000AD128 /* TaskCell.swift */; };
		244367E62B0163370021CCD8 /* PersistenceRepository.swift in Sources */ = {isa = PBXBuildFile; fileRef = 244367E52B0163370021CCD8 /* PersistenceRepository.swift */; };
		244367ED2B0BE7AD0021CCD8 /* MainViewModel.swift in Sources */ = {isa = PBXBuildFile; fileRef = 244367EC2B0BE7AD0021CCD8 /* MainViewModel.swift */; };
		247951E32B40DBD1005EE132 /* AddViewModel.swift in Sources */ = {isa = PBXBuildFile; fileRef = 247951E22B40DBD1005EE132 /* AddViewModel.swift */; };
		247951E52B40DCB0005EE132 /* Coordinater.swift in Sources */ = {isa = PBXBuildFile; fileRef = 247951E42B40DCB0005EE132 /* Coordinater.swift */; };
		247951E72B41B390005EE132 /* Coordinater.swift in Sources */ = {isa = PBXBuildFile; fileRef = 247951E62B41B390005EE132 /* Coordinater.swift */; };
		247D0EEB2A7440B600AD8C0A /* AppDelegate.swift in Sources */ = {isa = PBXBuildFile; fileRef = 247D0EEA2A7440B600AD8C0A /* AppDelegate.swift */; };
		247D0EED2A7440B600AD8C0A /* SceneDelegate.swift in Sources */ = {isa = PBXBuildFile; fileRef = 247D0EEC2A7440B600AD8C0A /* SceneDelegate.swift */; };
		247D0EEF2A7440B600AD8C0A /* MainViewController.swift in Sources */ = {isa = PBXBuildFile; fileRef = 247D0EEE2A7440B600AD8C0A /* MainViewController.swift */; };
		247D0EF52A7440B600AD8C0A /* ToDoListApp.xcdatamodeld in Sources */ = {isa = PBXBuildFile; fileRef = 247D0EF32A7440B600AD8C0A /* ToDoListApp.xcdatamodeld */; };
		247D0EF72A7440BB00AD8C0A /* Assets.xcassets in Resources */ = {isa = PBXBuildFile; fileRef = 247D0EF62A7440BB00AD8C0A /* Assets.xcassets */; };
		247D0EFA2A7440BB00AD8C0A /* LaunchScreen.storyboard in Resources */ = {isa = PBXBuildFile; fileRef = 247D0EF82A7440BB00AD8C0A /* LaunchScreen.storyboard */; };
		247D0F052A7440BC00AD8C0A /* ToDoListAppTests.swift in Sources */ = {isa = PBXBuildFile; fileRef = 247D0F042A7440BC00AD8C0A /* ToDoListAppTests.swift */; };
		247D0F0F2A7440BC00AD8C0A /* ToDoListAppUITests.swift in Sources */ = {isa = PBXBuildFile; fileRef = 247D0F0E2A7440BC00AD8C0A /* ToDoListAppUITests.swift */; };
		247D0F112A7440BC00AD8C0A /* ToDoListAppUITestsLaunchTests.swift in Sources */ = {isa = PBXBuildFile; fileRef = 247D0F102A7440BC00AD8C0A /* ToDoListAppUITestsLaunchTests.swift */; };
		247D0F1E2A757F4D00AD8C0A /* InformationBlockView.swift in Sources */ = {isa = PBXBuildFile; fileRef = 247D0F1D2A757F4D00AD8C0A /* InformationBlockView.swift */; };
		247D0F222A7EB33600AD8C0A /* AddTaskViewController.swift in Sources */ = {isa = PBXBuildFile; fileRef = 247D0F212A7EB33600AD8C0A /* AddTaskViewController.swift */; };
		3372BDD02A7EC3E50024737C /* PersictenceService.swift in Sources */ = {isa = PBXBuildFile; fileRef = 3372BDCF2A7EC3E50024737C /* PersictenceService.swift */; };
		3372BDD42A7EC9320024737C /* TaskModel.swift in Sources */ = {isa = PBXBuildFile; fileRef = 3372BDD32A7EC9320024737C /* TaskModel.swift */; };
		3372BDD62A7EC9770024737C /* TaskPriority.swift in Sources */ = {isa = PBXBuildFile; fileRef = 3372BDD52A7EC9770024737C /* TaskPriority.swift */; };
		3372BDD92A7ECEAF0024737C /* PersictenceError.swift in Sources */ = {isa = PBXBuildFile; fileRef = 3372BDD82A7ECEAF0024737C /* PersictenceError.swift */; };
		33AEFFED2A7C361500F075AE /* BaseConstants.swift in Sources */ = {isa = PBXBuildFile; fileRef = 33AEFFEC2A7C361500F075AE /* BaseConstants.swift */; };
		33AEFFF02A7C364600F075AE /* Configurable.swift in Sources */ = {isa = PBXBuildFile; fileRef = 33AEFFEF2A7C364600F075AE /* Configurable.swift */; };
		33AEFFF32A7C37B100F075AE /* Assets.swift in Sources */ = {isa = PBXBuildFile; fileRef = 33AEFFF22A7C37B100F075AE /* Assets.swift */; };
/* End PBXBuildFile section */

/* Begin PBXContainerItemProxy section */
		247D0F012A7440BC00AD8C0A /* PBXContainerItemProxy */ = {
			isa = PBXContainerItemProxy;
			containerPortal = 247D0EDF2A7440B600AD8C0A /* Project object */;
			proxyType = 1;
			remoteGlobalIDString = 247D0EE62A7440B600AD8C0A;
			remoteInfo = ToDoListApp;
		};
		247D0F0B2A7440BC00AD8C0A /* PBXContainerItemProxy */ = {
			isa = PBXContainerItemProxy;
			containerPortal = 247D0EDF2A7440B600AD8C0A /* Project object */;
			proxyType = 1;
			remoteGlobalIDString = 247D0EE62A7440B600AD8C0A;
			remoteInfo = ToDoListApp;
		};
/* End PBXContainerItemProxy section */

/* Begin PBXFileReference section */
		243E58512A969A95000AD128 /* TaskCell.swift */ = {isa = PBXFileReference; lastKnownFileType = sourcecode.swift; path = TaskCell.swift; sourceTree = "<group>"; };
		244367E52B0163370021CCD8 /* PersistenceRepository.swift */ = {isa = PBXFileReference; lastKnownFileType = sourcecode.swift; path = PersistenceRepository.swift; sourceTree = "<group>"; };
		244367EC2B0BE7AD0021CCD8 /* MainViewModel.swift */ = {isa = PBXFileReference; lastKnownFileType = sourcecode.swift; path = MainViewModel.swift; sourceTree = "<group>"; };
		247951E22B40DBD1005EE132 /* AddViewModel.swift */ = {isa = PBXFileReference; lastKnownFileType = sourcecode.swift; path = AddViewModel.swift; sourceTree = "<group>"; };
		247951E42B40DCB0005EE132 /* Coordinater.swift */ = {isa = PBXFileReference; lastKnownFileType = sourcecode.swift; path = Coordinater.swift; sourceTree = "<group>"; };
		247951E62B41B390005EE132 /* Coordinater.swift */ = {isa = PBXFileReference; lastKnownFileType = sourcecode.swift; path = Coordinater.swift; sourceTree = "<group>"; };
		247D0EE72A7440B600AD8C0A /* ToDoListApp.app */ = {isa = PBXFileReference; explicitFileType = wrapper.application; includeInIndex = 0; path = ToDoListApp.app; sourceTree = BUILT_PRODUCTS_DIR; };
		247D0EEA2A7440B600AD8C0A /* AppDelegate.swift */ = {isa = PBXFileReference; lastKnownFileType = sourcecode.swift; path = AppDelegate.swift; sourceTree = "<group>"; };
		247D0EEC2A7440B600AD8C0A /* SceneDelegate.swift */ = {isa = PBXFileReference; lastKnownFileType = sourcecode.swift; path = SceneDelegate.swift; sourceTree = "<group>"; };
		247D0EEE2A7440B600AD8C0A /* MainViewController.swift */ = {isa = PBXFileReference; lastKnownFileType = sourcecode.swift; path = MainViewController.swift; sourceTree = "<group>"; };
		247D0EF42A7440B600AD8C0A /* ToDoListApp.xcdatamodel */ = {isa = PBXFileReference; lastKnownFileType = wrapper.xcdatamodel; path = ToDoListApp.xcdatamodel; sourceTree = "<group>"; };
		247D0EF62A7440BB00AD8C0A /* Assets.xcassets */ = {isa = PBXFileReference; lastKnownFileType = folder.assetcatalog; path = Assets.xcassets; sourceTree = "<group>"; };
		247D0EF92A7440BB00AD8C0A /* Base */ = {isa = PBXFileReference; lastKnownFileType = file.storyboard; name = Base; path = Base.lproj/LaunchScreen.storyboard; sourceTree = "<group>"; };
		247D0EFB2A7440BB00AD8C0A /* Info.plist */ = {isa = PBXFileReference; lastKnownFileType = text.plist.xml; path = Info.plist; sourceTree = "<group>"; };
		247D0F002A7440BC00AD8C0A /* ToDoListAppTests.xctest */ = {isa = PBXFileReference; explicitFileType = wrapper.cfbundle; includeInIndex = 0; path = ToDoListAppTests.xctest; sourceTree = BUILT_PRODUCTS_DIR; };
		247D0F042A7440BC00AD8C0A /* ToDoListAppTests.swift */ = {isa = PBXFileReference; lastKnownFileType = sourcecode.swift; path = ToDoListAppTests.swift; sourceTree = "<group>"; };
		247D0F0A2A7440BC00AD8C0A /* ToDoListAppUITests.xctest */ = {isa = PBXFileReference; explicitFileType = wrapper.cfbundle; includeInIndex = 0; path = ToDoListAppUITests.xctest; sourceTree = BUILT_PRODUCTS_DIR; };
		247D0F0E2A7440BC00AD8C0A /* ToDoListAppUITests.swift */ = {isa = PBXFileReference; lastKnownFileType = sourcecode.swift; path = ToDoListAppUITests.swift; sourceTree = "<group>"; };
		247D0F102A7440BC00AD8C0A /* ToDoListAppUITestsLaunchTests.swift */ = {isa = PBXFileReference; lastKnownFileType = sourcecode.swift; path = ToDoListAppUITestsLaunchTests.swift; sourceTree = "<group>"; };
		247D0F1D2A757F4D00AD8C0A /* InformationBlockView.swift */ = {isa = PBXFileReference; lastKnownFileType = sourcecode.swift; path = InformationBlockView.swift; sourceTree = "<group>"; };
		247D0F212A7EB33600AD8C0A /* AddTaskViewController.swift */ = {isa = PBXFileReference; lastKnownFileType = sourcecode.swift; path = AddTaskViewController.swift; sourceTree = "<group>"; };
		3372BDCF2A7EC3E50024737C /* PersictenceService.swift */ = {isa = PBXFileReference; lastKnownFileType = sourcecode.swift; path = PersictenceService.swift; sourceTree = "<group>"; };
		3372BDD32A7EC9320024737C /* TaskModel.swift */ = {isa = PBXFileReference; lastKnownFileType = sourcecode.swift; path = TaskModel.swift; sourceTree = "<group>"; };
		3372BDD52A7EC9770024737C /* TaskPriority.swift */ = {isa = PBXFileReference; lastKnownFileType = sourcecode.swift; path = TaskPriority.swift; sourceTree = "<group>"; };
		3372BDD82A7ECEAF0024737C /* PersictenceError.swift */ = {isa = PBXFileReference; lastKnownFileType = sourcecode.swift; path = PersictenceError.swift; sourceTree = "<group>"; };
		33AEFFEC2A7C361500F075AE /* BaseConstants.swift */ = {isa = PBXFileReference; lastKnownFileType = sourcecode.swift; path = BaseConstants.swift; sourceTree = "<group>"; };
		33AEFFEF2A7C364600F075AE /* Configurable.swift */ = {isa = PBXFileReference; lastKnownFileType = sourcecode.swift; path = Configurable.swift; sourceTree = "<group>"; };
		33AEFFF22A7C37B100F075AE /* Assets.swift */ = {isa = PBXFileReference; lastKnownFileType = sourcecode.swift; path = Assets.swift; sourceTree = "<group>"; };
/* End PBXFileReference section */

/* Begin PBXFrameworksBuildPhase section */
		247D0EE42A7440B600AD8C0A /* Frameworks */ = {
			isa = PBXFrameworksBuildPhase;
			buildActionMask = 2147483647;
			files = (
			);
			runOnlyForDeploymentPostprocessing = 0;
		};
		247D0EFD2A7440BC00AD8C0A /* Frameworks */ = {
			isa = PBXFrameworksBuildPhase;
			buildActionMask = 2147483647;
			files = (
			);
			runOnlyForDeploymentPostprocessing = 0;
		};
		247D0F072A7440BC00AD8C0A /* Frameworks */ = {
			isa = PBXFrameworksBuildPhase;
			buildActionMask = 2147483647;
			files = (
			);
			runOnlyForDeploymentPostprocessing = 0;
		};
/* End PBXFrameworksBuildPhase section */

/* Begin PBXGroup section */
		244367EB2B0BE7940021CCD8 /* ViewModel */ = {
			isa = PBXGroup;
			children = (
				244367EC2B0BE7AD0021CCD8 /* MainViewModel.swift */,
			);
			path = ViewModel;
			sourceTree = "<group>";
		};
		247951DF2B40DB8A005EE132 /* View */ = {
			isa = PBXGroup;
			children = (
				247D0F212A7EB33600AD8C0A /* AddTaskViewController.swift */,
			);
			path = View;
			sourceTree = "<group>";
		};
		247951E02B40DB97005EE132 /* Model */ = {
			isa = PBXGroup;
			children = (
			);
			path = Model;
			sourceTree = "<group>";
		};
		247951E12B40DBAB005EE132 /* ViewModel */ = {
			isa = PBXGroup;
			children = (
				247951E22B40DBD1005EE132 /* AddViewModel.swift */,
			);
			path = ViewModel;
			sourceTree = "<group>";
		};
		247D0EDE2A7440B600AD8C0A = {
			isa = PBXGroup;
			children = (
				247D0EE92A7440B600AD8C0A /* ToDoListApp */,
				247D0F032A7440BC00AD8C0A /* ToDoListAppTests */,
				247D0F0D2A7440BC00AD8C0A /* ToDoListAppUITests */,
				247D0EE82A7440B600AD8C0A /* Products */,
			);
			sourceTree = "<group>";
		};
		247D0EE82A7440B600AD8C0A /* Products */ = {
			isa = PBXGroup;
			children = (
				247D0EE72A7440B600AD8C0A /* ToDoListApp.app */,
				247D0F002A7440BC00AD8C0A /* ToDoListAppTests.xctest */,
				247D0F0A2A7440BC00AD8C0A /* ToDoListAppUITests.xctest */,
			);
			name = Products;
			sourceTree = "<group>";
		};
		247D0EE92A7440B600AD8C0A /* ToDoListApp */ = {
			isa = PBXGroup;
			children = (
				33FAE2A82A74496200DD5502 /* Core */,
				33FAE2A72A74495B00DD5502 /* Resources */,
				3372BDCD2A7EC3B80024737C /* Services */,
				33FAE2A62A74495400DD5502 /* Screens */,
				247D0EEA2A7440B600AD8C0A /* AppDelegate.swift */,
				247D0EEC2A7440B600AD8C0A /* SceneDelegate.swift */,
				247951E42B40DCB0005EE132 /* Coordinater.swift */,
				247D0EFB2A7440BB00AD8C0A /* Info.plist */,
				247D0EF32A7440B600AD8C0A /* ToDoListApp.xcdatamodeld */,
			);
			path = ToDoListApp;
			sourceTree = "<group>";
		};
		247D0F032A7440BC00AD8C0A /* ToDoListAppTests */ = {
			isa = PBXGroup;
			children = (
				247D0F042A7440BC00AD8C0A /* ToDoListAppTests.swift */,
			);
			path = ToDoListAppTests;
			sourceTree = "<group>";
		};
		247D0F0D2A7440BC00AD8C0A /* ToDoListAppUITests */ = {
			isa = PBXGroup;
			children = (
				247D0F0E2A7440BC00AD8C0A /* ToDoListAppUITests.swift */,
				247D0F102A7440BC00AD8C0A /* ToDoListAppUITestsLaunchTests.swift */,
			);
			path = ToDoListAppUITests;
			sourceTree = "<group>";
		};
		247D0F202A7EB31000AD8C0A /* Add */ = {
			isa = PBXGroup;
			children = (
				247951E12B40DBAB005EE132 /* ViewModel */,
				247951E02B40DB97005EE132 /* Model */,
				247951DF2B40DB8A005EE132 /* View */,
			);
			path = Add;
			sourceTree = "<group>";
		};
		3372BDCD2A7EC3B80024737C /* Services */ = {
			isa = PBXGroup;
			children = (
				3372BDD12A7EC9150024737C /* Repositories */,
				3372BDCE2A7EC3C80024737C /* Persictence */,
			);
			path = Services;
			sourceTree = "<group>";
		};
		3372BDCE2A7EC3C80024737C /* Persictence */ = {
			isa = PBXGroup;
			children = (
				3372BDCF2A7EC3E50024737C /* PersictenceService.swift */,
				3372BDD82A7ECEAF0024737C /* PersictenceError.swift */,
			);
			path = Persictence;
			sourceTree = "<group>";
		};
		3372BDD12A7EC9150024737C /* Repositories */ = {
			isa = PBXGroup;
			children = (
				3372BDD22A7EC9240024737C /* Model */,
			);
			path = Repositories;
			sourceTree = "<group>";
		};
		3372BDD22A7EC9240024737C /* Model */ = {
			isa = PBXGroup;
			children = (
				3372BDD32A7EC9320024737C /* TaskModel.swift */,
				244367E52B0163370021CCD8 /* PersistenceRepository.swift */,
			);
			path = Model;
			sourceTree = "<group>";
		};
		3372BDD72A7EC9DE0024737C /* Model */ = {
			isa = PBXGroup;
			children = (
				3372BDD52A7EC9770024737C /* TaskPriority.swift */,
			);
			path = Model;
			sourceTree = "<group>";
		};
		33AEFFEB2A7C35B400F075AE /* View */ = {
			isa = PBXGroup;
			children = (
				247D0EEE2A7440B600AD8C0A /* MainViewController.swift */,
				243E58512A969A95000AD128 /* TaskCell.swift */,
				247D0F1D2A757F4D00AD8C0A /* InformationBlockView.swift */,
			);
			path = View;
			sourceTree = "<group>";
		};
		33AEFFEE2A7C362800F075AE /* Protocols */ = {
			isa = PBXGroup;
			children = (
				33AEFFEF2A7C364600F075AE /* Configurable.swift */,
				247951E62B41B390005EE132 /* Coordinater.swift */,
			);
			path = Protocols;
			sourceTree = "<group>";
		};
		33AEFFF42A7C399000F075AE /* Assets */ = {
			isa = PBXGroup;
			children = (
				33AEFFF22A7C37B100F075AE /* Assets.swift */,
				247D0EF62A7440BB00AD8C0A /* Assets.xcassets */,
			);
			path = Assets;
			sourceTree = "<group>";
		};
		33FAE2A62A74495400DD5502 /* Screens */ = {
			isa = PBXGroup;
			children = (
				33FAE2A92A74496E00DD5502 /* Main */,
				247D0F202A7EB31000AD8C0A /* Add */,
			);
			path = Screens;
			sourceTree = "<group>";
		};
		33FAE2A72A74495B00DD5502 /* Resources */ = {
			isa = PBXGroup;
			children = (
				33AEFFF42A7C399000F075AE /* Assets */,
				247D0EF82A7440BB00AD8C0A /* LaunchScreen.storyboard */,
			);
			path = Resources;
			sourceTree = "<group>";
		};
		33FAE2A82A74496200DD5502 /* Core */ = {
			isa = PBXGroup;
			children = (
				33AEFFEE2A7C362800F075AE /* Protocols */,
				33AEFFEC2A7C361500F075AE /* BaseConstants.swift */,
			);
			path = Core;
			sourceTree = "<group>";
		};
		33FAE2A92A74496E00DD5502 /* Main */ = {
			isa = PBXGroup;
			children = (
				3372BDD72A7EC9DE0024737C /* Model */,
				244367EB2B0BE7940021CCD8 /* ViewModel */,
				33AEFFEB2A7C35B400F075AE /* View */,
			);
			path = Main;
			sourceTree = "<group>";
		};
/* End PBXGroup section */

/* Begin PBXNativeTarget section */
		247D0EE62A7440B600AD8C0A /* ToDoListApp */ = {
			isa = PBXNativeTarget;
			buildConfigurationList = 247D0F142A7440BC00AD8C0A /* Build configuration list for PBXNativeTarget "ToDoListApp" */;
			buildPhases = (
				247D0EE32A7440B600AD8C0A /* Sources */,
				247D0EE42A7440B600AD8C0A /* Frameworks */,
				247D0EE52A7440B600AD8C0A /* Resources */,
			);
			buildRules = (
			);
			dependencies = (
			);
			name = ToDoListApp;
			productName = ToDoListApp;
			productReference = 247D0EE72A7440B600AD8C0A /* ToDoListApp.app */;
			productType = "com.apple.product-type.application";
		};
		247D0EFF2A7440BC00AD8C0A /* ToDoListAppTests */ = {
			isa = PBXNativeTarget;
			buildConfigurationList = 247D0F172A7440BC00AD8C0A /* Build configuration list for PBXNativeTarget "ToDoListAppTests" */;
			buildPhases = (
				247D0EFC2A7440BC00AD8C0A /* Sources */,
				247D0EFD2A7440BC00AD8C0A /* Frameworks */,
				247D0EFE2A7440BC00AD8C0A /* Resources */,
			);
			buildRules = (
			);
			dependencies = (
				247D0F022A7440BC00AD8C0A /* PBXTargetDependency */,
			);
			name = ToDoListAppTests;
			productName = ToDoListAppTests;
			productReference = 247D0F002A7440BC00AD8C0A /* ToDoListAppTests.xctest */;
			productType = "com.apple.product-type.bundle.unit-test";
		};
		247D0F092A7440BC00AD8C0A /* ToDoListAppUITests */ = {
			isa = PBXNativeTarget;
			buildConfigurationList = 247D0F1A2A7440BC00AD8C0A /* Build configuration list for PBXNativeTarget "ToDoListAppUITests" */;
			buildPhases = (
				247D0F062A7440BC00AD8C0A /* Sources */,
				247D0F072A7440BC00AD8C0A /* Frameworks */,
				247D0F082A7440BC00AD8C0A /* Resources */,
			);
			buildRules = (
			);
			dependencies = (
				247D0F0C2A7440BC00AD8C0A /* PBXTargetDependency */,
			);
			name = ToDoListAppUITests;
			productName = ToDoListAppUITests;
			productReference = 247D0F0A2A7440BC00AD8C0A /* ToDoListAppUITests.xctest */;
			productType = "com.apple.product-type.bundle.ui-testing";
		};
/* End PBXNativeTarget section */

/* Begin PBXProject section */
		247D0EDF2A7440B600AD8C0A /* Project object */ = {
			isa = PBXProject;
			attributes = {
				BuildIndependentTargetsInParallel = 1;
				LastSwiftUpdateCheck = 1430;
				LastUpgradeCheck = 1430;
				TargetAttributes = {
					247D0EE62A7440B600AD8C0A = {
						CreatedOnToolsVersion = 14.3;
					};
					247D0EFF2A7440BC00AD8C0A = {
						CreatedOnToolsVersion = 14.3;
						TestTargetID = 247D0EE62A7440B600AD8C0A;
					};
					247D0F092A7440BC00AD8C0A = {
						CreatedOnToolsVersion = 14.3;
						TestTargetID = 247D0EE62A7440B600AD8C0A;
					};
				};
			};
			buildConfigurationList = 247D0EE22A7440B600AD8C0A /* Build configuration list for PBXProject "ToDoListApp" */;
			compatibilityVersion = "Xcode 14.0";
			developmentRegion = en;
			hasScannedForEncodings = 0;
			knownRegions = (
				en,
				Base,
			);
			mainGroup = 247D0EDE2A7440B600AD8C0A;
			productRefGroup = 247D0EE82A7440B600AD8C0A /* Products */;
			projectDirPath = "";
			projectRoot = "";
			targets = (
				247D0EE62A7440B600AD8C0A /* ToDoListApp */,
				247D0EFF2A7440BC00AD8C0A /* ToDoListAppTests */,
				247D0F092A7440BC00AD8C0A /* ToDoListAppUITests */,
			);
		};
/* End PBXProject section */

/* Begin PBXResourcesBuildPhase section */
		247D0EE52A7440B600AD8C0A /* Resources */ = {
			isa = PBXResourcesBuildPhase;
			buildActionMask = 2147483647;
			files = (
				247D0EFA2A7440BB00AD8C0A /* LaunchScreen.storyboard in Resources */,
				247D0EF72A7440BB00AD8C0A /* Assets.xcassets in Resources */,
			);
			runOnlyForDeploymentPostprocessing = 0;
		};
		247D0EFE2A7440BC00AD8C0A /* Resources */ = {
			isa = PBXResourcesBuildPhase;
			buildActionMask = 2147483647;
			files = (
			);
			runOnlyForDeploymentPostprocessing = 0;
		};
		247D0F082A7440BC00AD8C0A /* Resources */ = {
			isa = PBXResourcesBuildPhase;
			buildActionMask = 2147483647;
			files = (
			);
			runOnlyForDeploymentPostprocessing = 0;
		};
/* End PBXResourcesBuildPhase section */

/* Begin PBXSourcesBuildPhase section */
		247D0EE32A7440B600AD8C0A /* Sources */ = {
			isa = PBXSourcesBuildPhase;
			buildActionMask = 2147483647;
			files = (
				33AEFFF32A7C37B100F075AE /* Assets.swift in Sources */,
				247D0F222A7EB33600AD8C0A /* AddTaskViewController.swift in Sources */,
				247D0EEF2A7440B600AD8C0A /* MainViewController.swift in Sources */,
				3372BDD42A7EC9320024737C /* TaskModel.swift in Sources */,
				247D0EEB2A7440B600AD8C0A /* AppDelegate.swift in Sources */,
				243E58522A969A95000AD128 /* TaskCell.swift in Sources */,
				247951E72B41B390005EE132 /* Coordinater.swift in Sources */,
				244367ED2B0BE7AD0021CCD8 /* MainViewModel.swift in Sources */,
				3372BDD92A7ECEAF0024737C /* PersictenceError.swift in Sources */,
				247951E52B40DCB0005EE132 /* Coordinater.swift in Sources */,
				247D0F1E2A757F4D00AD8C0A /* InformationBlockView.swift in Sources */,
				33AEFFF02A7C364600F075AE /* Configurable.swift in Sources */,
				3372BDD62A7EC9770024737C /* TaskPriority.swift in Sources */,
				247D0EED2A7440B600AD8C0A /* SceneDelegate.swift in Sources */,
				33AEFFED2A7C361500F075AE /* BaseConstants.swift in Sources */,
				3372BDD02A7EC3E50024737C /* PersictenceService.swift in Sources */,
				247D0EF52A7440B600AD8C0A /* ToDoListApp.xcdatamodeld in Sources */,
				247951E32B40DBD1005EE132 /* AddViewModel.swift in Sources */,
				244367E62B0163370021CCD8 /* PersistenceRepository.swift in Sources */,
			);
			runOnlyForDeploymentPostprocessing = 0;
		};
		247D0EFC2A7440BC00AD8C0A /* Sources */ = {
			isa = PBXSourcesBuildPhase;
			buildActionMask = 2147483647;
			files = (
				247D0F052A7440BC00AD8C0A /* ToDoListAppTests.swift in Sources */,
			);
			runOnlyForDeploymentPostprocessing = 0;
		};
		247D0F062A7440BC00AD8C0A /* Sources */ = {
			isa = PBXSourcesBuildPhase;
			buildActionMask = 2147483647;
			files = (
				247D0F112A7440BC00AD8C0A /* ToDoListAppUITestsLaunchTests.swift in Sources */,
				247D0F0F2A7440BC00AD8C0A /* ToDoListAppUITests.swift in Sources */,
			);
			runOnlyForDeploymentPostprocessing = 0;
		};
/* End PBXSourcesBuildPhase section */

/* Begin PBXTargetDependency section */
		247D0F022A7440BC00AD8C0A /* PBXTargetDependency */ = {
			isa = PBXTargetDependency;
			target = 247D0EE62A7440B600AD8C0A /* ToDoListApp */;
			targetProxy = 247D0F012A7440BC00AD8C0A /* PBXContainerItemProxy */;
		};
		247D0F0C2A7440BC00AD8C0A /* PBXTargetDependency */ = {
			isa = PBXTargetDependency;
			target = 247D0EE62A7440B600AD8C0A /* ToDoListApp */;
			targetProxy = 247D0F0B2A7440BC00AD8C0A /* PBXContainerItemProxy */;
		};
/* End PBXTargetDependency section */

/* Begin PBXVariantGroup section */
		247D0EF82A7440BB00AD8C0A /* LaunchScreen.storyboard */ = {
			isa = PBXVariantGroup;
			children = (
				247D0EF92A7440BB00AD8C0A /* Base */,
			);
			name = LaunchScreen.storyboard;
			sourceTree = "<group>";
		};
/* End PBXVariantGroup section */

/* Begin XCBuildConfiguration section */
		247D0F122A7440BC00AD8C0A /* Debug */ = {
			isa = XCBuildConfiguration;
			buildSettings = {
				ALWAYS_SEARCH_USER_PATHS = NO;
				CLANG_ANALYZER_NONNULL = YES;
				CLANG_ANALYZER_NUMBER_OBJECT_CONVERSION = YES_AGGRESSIVE;
				CLANG_CXX_LANGUAGE_STANDARD = "gnu++20";
				CLANG_ENABLE_MODULES = YES;
				CLANG_ENABLE_OBJC_ARC = YES;
				CLANG_ENABLE_OBJC_WEAK = YES;
				CLANG_WARN_BLOCK_CAPTURE_AUTORELEASING = YES;
				CLANG_WARN_BOOL_CONVERSION = YES;
				CLANG_WARN_COMMA = YES;
				CLANG_WARN_CONSTANT_CONVERSION = YES;
				CLANG_WARN_DEPRECATED_OBJC_IMPLEMENTATIONS = YES;
				CLANG_WARN_DIRECT_OBJC_ISA_USAGE = YES_ERROR;
				CLANG_WARN_DOCUMENTATION_COMMENTS = YES;
				CLANG_WARN_EMPTY_BODY = YES;
				CLANG_WARN_ENUM_CONVERSION = YES;
				CLANG_WARN_INFINITE_RECURSION = YES;
				CLANG_WARN_INT_CONVERSION = YES;
				CLANG_WARN_NON_LITERAL_NULL_CONVERSION = YES;
				CLANG_WARN_OBJC_IMPLICIT_RETAIN_SELF = YES;
				CLANG_WARN_OBJC_LITERAL_CONVERSION = YES;
				CLANG_WARN_OBJC_ROOT_CLASS = YES_ERROR;
				CLANG_WARN_QUOTED_INCLUDE_IN_FRAMEWORK_HEADER = YES;
				CLANG_WARN_RANGE_LOOP_ANALYSIS = YES;
				CLANG_WARN_STRICT_PROTOTYPES = YES;
				CLANG_WARN_SUSPICIOUS_MOVE = YES;
				CLANG_WARN_UNGUARDED_AVAILABILITY = YES_AGGRESSIVE;
				CLANG_WARN_UNREACHABLE_CODE = YES;
				CLANG_WARN__DUPLICATE_METHOD_MATCH = YES;
				COPY_PHASE_STRIP = NO;
				DEBUG_INFORMATION_FORMAT = dwarf;
				ENABLE_STRICT_OBJC_MSGSEND = YES;
				ENABLE_TESTABILITY = YES;
				GCC_C_LANGUAGE_STANDARD = gnu11;
				GCC_DYNAMIC_NO_PIC = NO;
				GCC_NO_COMMON_BLOCKS = YES;
				GCC_OPTIMIZATION_LEVEL = 0;
				GCC_PREPROCESSOR_DEFINITIONS = (
					"DEBUG=1",
					"$(inherited)",
				);
				GCC_WARN_64_TO_32_BIT_CONVERSION = YES;
				GCC_WARN_ABOUT_RETURN_TYPE = YES_ERROR;
				GCC_WARN_UNDECLARED_SELECTOR = YES;
				GCC_WARN_UNINITIALIZED_AUTOS = YES_AGGRESSIVE;
				GCC_WARN_UNUSED_FUNCTION = YES;
				GCC_WARN_UNUSED_VARIABLE = YES;
				IPHONEOS_DEPLOYMENT_TARGET = 16.4;
				MTL_ENABLE_DEBUG_INFO = INCLUDE_SOURCE;
				MTL_FAST_MATH = YES;
				ONLY_ACTIVE_ARCH = YES;
				SDKROOT = iphoneos;
				SWIFT_ACTIVE_COMPILATION_CONDITIONS = DEBUG;
				SWIFT_OPTIMIZATION_LEVEL = "-Onone";
			};
			name = Debug;
		};
		247D0F132A7440BC00AD8C0A /* Release */ = {
			isa = XCBuildConfiguration;
			buildSettings = {
				ALWAYS_SEARCH_USER_PATHS = NO;
				CLANG_ANALYZER_NONNULL = YES;
				CLANG_ANALYZER_NUMBER_OBJECT_CONVERSION = YES_AGGRESSIVE;
				CLANG_CXX_LANGUAGE_STANDARD = "gnu++20";
				CLANG_ENABLE_MODULES = YES;
				CLANG_ENABLE_OBJC_ARC = YES;
				CLANG_ENABLE_OBJC_WEAK = YES;
				CLANG_WARN_BLOCK_CAPTURE_AUTORELEASING = YES;
				CLANG_WARN_BOOL_CONVERSION = YES;
				CLANG_WARN_COMMA = YES;
				CLANG_WARN_CONSTANT_CONVERSION = YES;
				CLANG_WARN_DEPRECATED_OBJC_IMPLEMENTATIONS = YES;
				CLANG_WARN_DIRECT_OBJC_ISA_USAGE = YES_ERROR;
				CLANG_WARN_DOCUMENTATION_COMMENTS = YES;
				CLANG_WARN_EMPTY_BODY = YES;
				CLANG_WARN_ENUM_CONVERSION = YES;
				CLANG_WARN_INFINITE_RECURSION = YES;
				CLANG_WARN_INT_CONVERSION = YES;
				CLANG_WARN_NON_LITERAL_NULL_CONVERSION = YES;
				CLANG_WARN_OBJC_IMPLICIT_RETAIN_SELF = YES;
				CLANG_WARN_OBJC_LITERAL_CONVERSION = YES;
				CLANG_WARN_OBJC_ROOT_CLASS = YES_ERROR;
				CLANG_WARN_QUOTED_INCLUDE_IN_FRAMEWORK_HEADER = YES;
				CLANG_WARN_RANGE_LOOP_ANALYSIS = YES;
				CLANG_WARN_STRICT_PROTOTYPES = YES;
				CLANG_WARN_SUSPICIOUS_MOVE = YES;
				CLANG_WARN_UNGUARDED_AVAILABILITY = YES_AGGRESSIVE;
				CLANG_WARN_UNREACHABLE_CODE = YES;
				CLANG_WARN__DUPLICATE_METHOD_MATCH = YES;
				COPY_PHASE_STRIP = NO;
				DEBUG_INFORMATION_FORMAT = "dwarf-with-dsym";
				ENABLE_NS_ASSERTIONS = NO;
				ENABLE_STRICT_OBJC_MSGSEND = YES;
				GCC_C_LANGUAGE_STANDARD = gnu11;
				GCC_NO_COMMON_BLOCKS = YES;
				GCC_WARN_64_TO_32_BIT_CONVERSION = YES;
				GCC_WARN_ABOUT_RETURN_TYPE = YES_ERROR;
				GCC_WARN_UNDECLARED_SELECTOR = YES;
				GCC_WARN_UNINITIALIZED_AUTOS = YES_AGGRESSIVE;
				GCC_WARN_UNUSED_FUNCTION = YES;
				GCC_WARN_UNUSED_VARIABLE = YES;
				IPHONEOS_DEPLOYMENT_TARGET = 16.4;
				MTL_ENABLE_DEBUG_INFO = NO;
				MTL_FAST_MATH = YES;
				SDKROOT = iphoneos;
				SWIFT_COMPILATION_MODE = wholemodule;
				SWIFT_OPTIMIZATION_LEVEL = "-O";
				VALIDATE_PRODUCT = YES;
			};
			name = Release;
		};
		247D0F152A7440BC00AD8C0A /* Debug */ = {
			isa = XCBuildConfiguration;
			buildSettings = {
				ASSETCATALOG_COMPILER_APPICON_NAME = AppIcon;
				ASSETCATALOG_COMPILER_GLOBAL_ACCENT_COLOR_NAME = AccentColor;
				CODE_SIGN_STYLE = Automatic;
				CURRENT_PROJECT_VERSION = 1;
				GENERATE_INFOPLIST_FILE = YES;
				INFOPLIST_FILE = ToDoListApp/Info.plist;
				INFOPLIST_KEY_UIApplicationSupportsIndirectInputEvents = YES;
				INFOPLIST_KEY_UILaunchStoryboardName = LaunchScreen;
				INFOPLIST_KEY_UISupportedInterfaceOrientations_iPad = "UIInterfaceOrientationPortrait UIInterfaceOrientationPortraitUpsideDown UIInterfaceOrientationLandscapeLeft UIInterfaceOrientationLandscapeRight";
				INFOPLIST_KEY_UISupportedInterfaceOrientations_iPhone = "UIInterfaceOrientationPortrait UIInterfaceOrientationLandscapeLeft UIInterfaceOrientationLandscapeRight";
				LD_RUNPATH_SEARCH_PATHS = (
					"$(inherited)",
					"@executable_path/Frameworks",
				);
				MARKETING_VERSION = 1.0;
				PRODUCT_BUNDLE_IDENTIFIER = com.llxodz.ToDoListApp;
				PRODUCT_NAME = "$(TARGET_NAME)";
				SWIFT_EMIT_LOC_STRINGS = YES;
				SWIFT_VERSION = 5.0;
				TARGETED_DEVICE_FAMILY = "1,2";
			};
			name = Debug;
		};
		247D0F162A7440BC00AD8C0A /* Release */ = {
			isa = XCBuildConfiguration;
			buildSettings = {
				ASSETCATALOG_COMPILER_APPICON_NAME = AppIcon;
				ASSETCATALOG_COMPILER_GLOBAL_ACCENT_COLOR_NAME = AccentColor;
				CODE_SIGN_STYLE = Automatic;
				CURRENT_PROJECT_VERSION = 1;
				GENERATE_INFOPLIST_FILE = YES;
				INFOPLIST_FILE = ToDoListApp/Info.plist;
				INFOPLIST_KEY_UIApplicationSupportsIndirectInputEvents = YES;
				INFOPLIST_KEY_UILaunchStoryboardName = LaunchScreen;
				INFOPLIST_KEY_UISupportedInterfaceOrientations_iPad = "UIInterfaceOrientationPortrait UIInterfaceOrientationPortraitUpsideDown UIInterfaceOrientationLandscapeLeft UIInterfaceOrientationLandscapeRight";
				INFOPLIST_KEY_UISupportedInterfaceOrientations_iPhone = "UIInterfaceOrientationPortrait UIInterfaceOrientationLandscapeLeft UIInterfaceOrientationLandscapeRight";
				LD_RUNPATH_SEARCH_PATHS = (
					"$(inherited)",
					"@executable_path/Frameworks",
				);
				MARKETING_VERSION = 1.0;
				PRODUCT_BUNDLE_IDENTIFIER = com.llxodz.ToDoListApp;
				PRODUCT_NAME = "$(TARGET_NAME)";
				SWIFT_EMIT_LOC_STRINGS = YES;
				SWIFT_VERSION = 5.0;
				TARGETED_DEVICE_FAMILY = "1,2";
			};
			name = Release;
		};
		247D0F182A7440BC00AD8C0A /* Debug */ = {
			isa = XCBuildConfiguration;
			buildSettings = {
				ALWAYS_EMBED_SWIFT_STANDARD_LIBRARIES = YES;
				BUNDLE_LOADER = "$(TEST_HOST)";
				CODE_SIGN_STYLE = Automatic;
				CURRENT_PROJECT_VERSION = 1;
				GENERATE_INFOPLIST_FILE = YES;
				IPHONEOS_DEPLOYMENT_TARGET = 16.4;
				MARKETING_VERSION = 1.0;
				PRODUCT_BUNDLE_IDENTIFIER = com.llxodz.ToDoListAppTests;
				PRODUCT_NAME = "$(TARGET_NAME)";
				SWIFT_EMIT_LOC_STRINGS = NO;
				SWIFT_VERSION = 5.0;
				TARGETED_DEVICE_FAMILY = "1,2";
				TEST_HOST = "$(BUILT_PRODUCTS_DIR)/ToDoListApp.app/$(BUNDLE_EXECUTABLE_FOLDER_PATH)/ToDoListApp";
			};
			name = Debug;
		};
		247D0F192A7440BC00AD8C0A /* Release */ = {
			isa = XCBuildConfiguration;
			buildSettings = {
				ALWAYS_EMBED_SWIFT_STANDARD_LIBRARIES = YES;
				BUNDLE_LOADER = "$(TEST_HOST)";
				CODE_SIGN_STYLE = Automatic;
				CURRENT_PROJECT_VERSION = 1;
				GENERATE_INFOPLIST_FILE = YES;
				IPHONEOS_DEPLOYMENT_TARGET = 16.4;
				MARKETING_VERSION = 1.0;
				PRODUCT_BUNDLE_IDENTIFIER = com.llxodz.ToDoListAppTests;
				PRODUCT_NAME = "$(TARGET_NAME)";
				SWIFT_EMIT_LOC_STRINGS = NO;
				SWIFT_VERSION = 5.0;
				TARGETED_DEVICE_FAMILY = "1,2";
				TEST_HOST = "$(BUILT_PRODUCTS_DIR)/ToDoListApp.app/$(BUNDLE_EXECUTABLE_FOLDER_PATH)/ToDoListApp";
			};
			name = Release;
		};
		247D0F1B2A7440BC00AD8C0A /* Debug */ = {
			isa = XCBuildConfiguration;
			buildSettings = {
				ALWAYS_EMBED_SWIFT_STANDARD_LIBRARIES = YES;
				CODE_SIGN_STYLE = Automatic;
				CURRENT_PROJECT_VERSION = 1;
				GENERATE_INFOPLIST_FILE = YES;
				MARKETING_VERSION = 1.0;
				PRODUCT_BUNDLE_IDENTIFIER = com.llxodz.ToDoListAppUITests;
				PRODUCT_NAME = "$(TARGET_NAME)";
				SWIFT_EMIT_LOC_STRINGS = NO;
				SWIFT_VERSION = 5.0;
				TARGETED_DEVICE_FAMILY = "1,2";
				TEST_TARGET_NAME = ToDoListApp;
			};
			name = Debug;
		};
		247D0F1C2A7440BC00AD8C0A /* Release */ = {
			isa = XCBuildConfiguration;
			buildSettings = {
				ALWAYS_EMBED_SWIFT_STANDARD_LIBRARIES = YES;
				CODE_SIGN_STYLE = Automatic;
				CURRENT_PROJECT_VERSION = 1;
				GENERATE_INFOPLIST_FILE = YES;
				MARKETING_VERSION = 1.0;
				PRODUCT_BUNDLE_IDENTIFIER = com.llxodz.ToDoListAppUITests;
				PRODUCT_NAME = "$(TARGET_NAME)";
				SWIFT_EMIT_LOC_STRINGS = NO;
				SWIFT_VERSION = 5.0;
				TARGETED_DEVICE_FAMILY = "1,2";
				TEST_TARGET_NAME = ToDoListApp;
			};
			name = Release;
		};
/* End XCBuildConfiguration section */

/* Begin XCConfigurationList section */
		247D0EE22A7440B600AD8C0A /* Build configuration list for PBXProject "ToDoListApp" */ = {
			isa = XCConfigurationList;
			buildConfigurations = (
				247D0F122A7440BC00AD8C0A /* Debug */,
				247D0F132A7440BC00AD8C0A /* Release */,
			);
			defaultConfigurationIsVisible = 0;
			defaultConfigurationName = Release;
		};
		247D0F142A7440BC00AD8C0A /* Build configuration list for PBXNativeTarget "ToDoListApp" */ = {
			isa = XCConfigurationList;
			buildConfigurations = (
				247D0F152A7440BC00AD8C0A /* Debug */,
				247D0F162A7440BC00AD8C0A /* Release */,
			);
			defaultConfigurationIsVisible = 0;
			defaultConfigurationName = Release;
		};
		247D0F172A7440BC00AD8C0A /* Build configuration list for PBXNativeTarget "ToDoListAppTests" */ = {
			isa = XCConfigurationList;
			buildConfigurations = (
				247D0F182A7440BC00AD8C0A /* Debug */,
				247D0F192A7440BC00AD8C0A /* Release */,
			);
			defaultConfigurationIsVisible = 0;
			defaultConfigurationName = Release;
		};
		247D0F1A2A7440BC00AD8C0A /* Build configuration list for PBXNativeTarget "ToDoListAppUITests" */ = {
			isa = XCConfigurationList;
			buildConfigurations = (
				247D0F1B2A7440BC00AD8C0A /* Debug */,
				247D0F1C2A7440BC00AD8C0A /* Release */,
			);
			defaultConfigurationIsVisible = 0;
			defaultConfigurationName = Release;
		};
/* End XCConfigurationList section */

/* Begin XCVersionGroup section */
		247D0EF32A7440B600AD8C0A /* ToDoListApp.xcdatamodeld */ = {
			isa = XCVersionGroup;
			children = (
				247D0EF42A7440B600AD8C0A /* ToDoListApp.xcdatamodel */,
			);
			currentVersion = 247D0EF42A7440B600AD8C0A /* ToDoListApp.xcdatamodel */;
			path = ToDoListApp.xcdatamodeld;
			sourceTree = "<group>";
			versionGroupType = wrapper.xcdatamodel;
		};
/* End XCVersionGroup section */
	};
	rootObject = 247D0EDF2A7440B600AD8C0A /* Project object */;
}
